{
  "originHash" : "5a040a6b73256b243db4b52a0fc17001b8a2cbfbf9611eef7052380f3bbe8b66",
  "pins" : [
    {
      "identity" : "swift-argument-parser",
      "kind" : "remoteSourceControl",
      "location" : "https://github.com/apple/swift-argument-parser",
      "state" : {
        "revision" : "309a47b2b1d9b5e991f36961c983ecec72275be3",
        "version" : "1.6.1"
      }
    },
    {
      "identity" : "swift-build",
      "kind" : "remoteSourceControl",
      "location" : "https://github.com/swiftlang/swift-build.git",
      "state" : {
        "branch" : "swift-DEVELOPMENT-SNAPSHOT-2025-07-18-a",
        "revision" : "f49864e7aac2143bafb7c4dc37635bdf52aab8da"
      }
    },
    {
      "identity" : "swift-driver",
      "kind" : "remoteSourceControl",
      "location" : "https://github.com/swiftlang/swift-driver.git",
      "state" : {
        "branch" : "main",
        "revision" : "145dc76b985256ec527a1a32e4fbac9221bda325"
      }
    },
    {
      "identity" : "swift-llbuild",
      "kind" : "remoteSourceControl",
      "location" : "https://github.com/swiftlang/swift-llbuild.git",
      "state" : {
        "branch" : "main",
        "revision" : "cb8b3a4ab5fb086f663f5fab2f264372f5b0b05c"
      }
    },
    {
      "identity" : "swift-system",
      "kind" : "remoteSourceControl",
      "location" : "https://github.com/apple/swift-system.git",
      "state" : {
        "revision" : "61e4ca4b81b9e09e2ec863b00c340eb13497dac6",
        "version" : "1.5.0"
      }
    },
    {
      "identity" : "swift-toolchain-sqlite",
      "kind" : "remoteSourceControl",
      "location" : "https://github.com/swiftlang/swift-toolchain-sqlite",
      "state" : {
        "revision" : "7c9bb9d012930a935d1ba6327459291d0b76414c",
        "version" : "1.0.6"
      }
    },
    {
      "identity" : "swift-tools-support-core",
      "kind" : "remoteSourceControl",
      "location" : "https://github.com/swiftlang/swift-tools-support-core.git",
      "state" : {
        "branch" : "main",
        "revision" : "c4309ae736691e0baf7d47268cd1912e44f1db30"
      }
    }
  ],
  "version" : 3
}
